{
  "name": "php-serialize-client",
  "version": "0.0.0",
  "lockfileVersion": 3,
  "requires": true,
  "packages": {
    "": {
      "name": "php-serialize-client",
      "version": "0.0.0",
      "license": "MIT",
      "dependencies": {
        "commander": "^12.1.0",
        "php-serialize": "5.0.1"
      },
      "bin": {
        "php-serialize": "index.js"
      },
      "engines": {
        "node": ">=12.0.0"
      }
    },
    "node_modules/commander": {
      "version": "12.1.0",
      "resolved": "https://registry.npmjs.org/commander/-/commander-12.1.0.tgz",
      "integrity": "sha512-Vw8qHK3bZM9y/P10u3Vib8o/DdkvA2OtPtZvD871QKjy74Wj1WSKFILMPRPSdUSx5RFK1arlJzEtA4PkFgnbuA==",
      "license": "MIT",
      "engines": {
        "node": ">=18"
      }
    },
    "node_modules/php-serialize": {
      "version": "5.0.1",
      "resolved": "https://registry.npmjs.org/php-serialize/-/php-serialize-5.0.1.tgz",
      "integrity": "sha512-+uxULDruX7uwGZmC1HjcvQMg6APyK1wzWXnaRR0Vxb7Vk4YMn5/Chp9tm+ccNqmXOtfZ/oZVbR8GZnPnojltDw==",
      "license": "MIT",
      "engines": {
        "node": ">= 8"
      }
    }
  }
}
